
Microsoft Visual Studio Solution File, Format Version 12.00
# Visual Studio Version 16
VisualStudioVersion = 16.0.31624.102
MinimumVisualStudioVersion = 10.0.40219.1
Project("{8BC9CEB8-8B4A-11D0-8D11-00A0C91BC942}") = "Zhuchkov AC_21_05", "Zhuchkov AC_21_05.vcxproj", "{62AFC7D5-26C8-4DCB-B513-F1AAB1E4CD9B}"
EndProject
Global
	GlobalSection(SolutionConfigurationPlatforms) = preSolution
		Debug|x64 = Debug|x64
		Debug|x86 = Debug|x86
		Release|x64 = Release|x64
		Release|x86 = Release|x86
	EndGlobalSection
	GlobalSection(ProjectConfigurationPlatforms) = postSolution
		{62AFC7D5-26C8-4DCB-B513-F1AAB1E4CD9B}.Debug|x64.ActiveCfg = Debug|x64
		{62AFC7D5-26C8-4DCB-B513-F1AAB1E4CD9B}.Debug|x64.Build.0 = Debug|x64
		{62AFC7D5-26C8-4DCB-B513-F1AAB1E4CD9B}.Debug|x86.ActiveCfg = Debug|Win32
		{62AFC7D5-26C8-4DCB-B513-F1AAB1E4CD9B}.Debug|x86.Build.0 = Debug|Win32
		{62AFC7D5-26C8-4DCB-B513-F1AAB1E4CD9B}.Release|x64.ActiveCfg = Release|x64
		{62AFC7D5-26C8-4DCB-B513-F1AAB1E4CD9B}.Release|x64.Build.0 = Release|x64
		{62AFC7D5-26C8-4DCB-B513-F1AAB1E4CD9B}.Release|x86.ActiveCfg = Release|Win32
		{62AFC7D5-26C8-4DCB-B513-F1AAB1E4CD9B}.Release|x86.Build.0 = Release|Win32
	EndGlobalSection
	GlobalSection(SolutionProperties) = preSolution
		HideSolutionNode = FALSE
	EndGlobalSection
	GlobalSection(ExtensibilityGlobals) = postSolution
		SolutionGuid = {BD397699-70DC-4B84-B4B7-D1972524D8A7}
	EndGlobalSection
EndGlobal
